
Microsoft Visual Studio Solution File, Format Version 12.00
# Visual Studio Version 16
VisualStudioVersion = 16.0.29403.142
MinimumVisualStudioVersion = 10.0.40219.1
Project("{FAE04EC0-301F-11D3-BF4B-00C04F79EFBC}") = "PricingEngine", "PricingEngine\PricingEngine.csproj", "{DC92B76F-6DB4-4921-9D75-0429F70FC8FD}"
EndProject
Global
	GlobalSection(SolutionConfigurationPlatforms) = preSolution
		Debug|Any CPU = Debug|Any CPU
		Release|Any CPU = Release|Any CPU
	EndGlobalSection
	GlobalSection(ProjectConfigurationPlatforms) = postSolution
		{DC92B76F-6DB4-4921-9D75-0429F70FC8FD}.Debug|Any CPU.ActiveCfg = Debug|Any CPU
		{DC92B76F-6DB4-4921-9D75-0429F70FC8FD}.Debug|Any CPU.Build.0 = Debug|Any CPU
		{DC92B76F-6DB4-4921-9D75-0429F70FC8FD}.Release|Any CPU.ActiveCfg = Release|Any CPU
		{DC92B76F-6DB4-4921-9D75-0429F70FC8FD}.Release|Any CPU.Build.0 = Release|Any CPU
	EndGlobalSection
	GlobalSection(SolutionProperties) = preSolution
		HideSolutionNode = FALSE
	EndGlobalSection
	GlobalSection(ExtensibilityGlobals) = postSolution
		SolutionGuid = {67927A03-F8A8-4C4D-A93B-26CFF6A6F790}
	EndGlobalSection
EndGlobal
